
Microsoft Visual Studio Solution File, Format Version 12.00
# Visual Studio Version 16
VisualStudioVersion = 16.0.31515.178
MinimumVisualStudioVersion = 10.0.40219.1
Project("{FAE04EC0-301F-11D3-BF4B-00C04F79EFBC}") = "Bai1_b", "Bai1_b\Bai1_b.csproj", "{26878A36-1E8E-404B-8FE6-A00F461BC91A}"
EndProject
Project("{FAE04EC0-301F-11D3-BF4B-00C04F79EFBC}") = "Bai1_a", "Bai1_a\Bai1_a.csproj", "{C6DE9906-3EE9-4AE9-8053-D997A8C7FEC2}"
EndProject
Global
	GlobalSection(SolutionConfigurationPlatforms) = preSolution
		Debug|Any CPU = Debug|Any CPU
		Release|Any CPU = Release|Any CPU
	EndGlobalSection
	GlobalSection(ProjectConfigurationPlatforms) = postSolution
		{26878A36-1E8E-404B-8FE6-A00F461BC91A}.Debug|Any CPU.ActiveCfg = Debug|Any CPU
		{26878A36-1E8E-404B-8FE6-A00F461BC91A}.Debug|Any CPU.Build.0 = Debug|Any CPU
		{26878A36-1E8E-404B-8FE6-A00F461BC91A}.Release|Any CPU.ActiveCfg = Release|Any CPU
		{26878A36-1E8E-404B-8FE6-A00F461BC91A}.Release|Any CPU.Build.0 = Release|Any CPU
		{C6DE9906-3EE9-4AE9-8053-D997A8C7FEC2}.Debug|Any CPU.ActiveCfg = Debug|Any CPU
		{C6DE9906-3EE9-4AE9-8053-D997A8C7FEC2}.Debug|Any CPU.Build.0 = Debug|Any CPU
		{C6DE9906-3EE9-4AE9-8053-D997A8C7FEC2}.Release|Any CPU.ActiveCfg = Release|Any CPU
		{C6DE9906-3EE9-4AE9-8053-D997A8C7FEC2}.Release|Any CPU.Build.0 = Release|Any CPU
	EndGlobalSection
	GlobalSection(SolutionProperties) = preSolution
		HideSolutionNode = FALSE
	EndGlobalSection
	GlobalSection(ExtensibilityGlobals) = postSolution
		SolutionGuid = {0AC19E6F-2520-4064-9412-7A8C4E3EADF2}
	EndGlobalSection
EndGlobal
